
Microsoft Visual Studio Solution File, Format Version 12.00
Project("{2150E333-8FDC-42A3-9474-1A3956D46DE8}") = "Src", "Src", "{2DF91807-7D2F-4C0F-9EBD-8895D686ADB8}"
EndProject
Project("{2150E333-8FDC-42A3-9474-1A3956D46DE8}") = "Doc", "Doc", "{986240B5-8BDF-4F8A-BDB3-BE74BC350A8B}"
EndProject
Project("{2150E333-8FDC-42A3-9474-1A3956D46DE8}") = "Test", "Test", "{4AD770B0-C66A-4E40-980A-C814CA6408F7}"
EndProject
Project("{2150E333-8FDC-42A3-9474-1A3956D46DE8}") = "Presentation", "Presentation", "{D5F674F7-C0FE-49C2-A285-1121C1D5770B}"
EndProject
Project("{2150E333-8FDC-42A3-9474-1A3956D46DE8}") = "Infrastructure", "Infrastructure", "{AEAA5C80-6B52-4EF2-A37E-14F0DCB76C61}"
EndProject
Project("{2150E333-8FDC-42A3-9474-1A3956D46DE8}") = "Common", "Common", "{0305BA89-9938-4332-824C-F273F0855C62}"
EndProject
Project("{2150E333-8FDC-42A3-9474-1A3956D46DE8}") = "Core", "Core", "{5BAEECA4-0C34-4F6D-B295-5CD9C76D9317}"
EndProject
Project("{FAE04EC0-301F-11D3-BF4B-00C04F79EFBC}") = "OnlineShop.Common", "Src\Common\OnlineShop.Common\OnlineShop.Common.csproj", "{BA0C27EB-0728-422B-8979-73DAF11568B2}"
EndProject
Project("{FAE04EC0-301F-11D3-BF4B-00C04F79EFBC}") = "OnlineShop.Domain", "Src\Core\OnlineShop.Domain\OnlineShop.Domain.csproj", "{4DFCCFFA-B0EE-4AF9-8C64-322B5484D119}"
EndProject
Project("{FAE04EC0-301F-11D3-BF4B-00C04F79EFBC}") = "OnlineShop.Application", "Src\Core\OnlineShop.Application\OnlineShop.Application.csproj", "{E09A98AD-4B24-4824-A32B-615E0DADA0E0}"
EndProject
Project("{FAE04EC0-301F-11D3-BF4B-00C04F79EFBC}") = "OnlineShop.Infrastructure", "Src\Infrastructure\OnlineShop.Infrastructure\OnlineShop.Infrastructure.csproj", "{E594B65E-8FBB-44DA-85B6-40BF54CE10AE}"
EndProject
Project("{FAE04EC0-301F-11D3-BF4B-00C04F79EFBC}") = "OnlineShop.Persistence", "Src\Infrastructure\OnlineShop.Persistence\OnlineShop.Persistence.csproj", "{E65E9990-D393-48E1-ADA7-9051ED2F9F37}"
EndProject
Global
	GlobalSection(SolutionConfigurationPlatforms) = preSolution
		Debug|Any CPU = Debug|Any CPU
		Release|Any CPU = Release|Any CPU
	EndGlobalSection
	GlobalSection(NestedProjects) = preSolution
		{D5F674F7-C0FE-49C2-A285-1121C1D5770B} = {2DF91807-7D2F-4C0F-9EBD-8895D686ADB8}
		{AEAA5C80-6B52-4EF2-A37E-14F0DCB76C61} = {2DF91807-7D2F-4C0F-9EBD-8895D686ADB8}
		{0305BA89-9938-4332-824C-F273F0855C62} = {2DF91807-7D2F-4C0F-9EBD-8895D686ADB8}
		{5BAEECA4-0C34-4F6D-B295-5CD9C76D9317} = {2DF91807-7D2F-4C0F-9EBD-8895D686ADB8}
		{BA0C27EB-0728-422B-8979-73DAF11568B2} = {0305BA89-9938-4332-824C-F273F0855C62}
		{4DFCCFFA-B0EE-4AF9-8C64-322B5484D119} = {5BAEECA4-0C34-4F6D-B295-5CD9C76D9317}
		{E09A98AD-4B24-4824-A32B-615E0DADA0E0} = {5BAEECA4-0C34-4F6D-B295-5CD9C76D9317}
		{E594B65E-8FBB-44DA-85B6-40BF54CE10AE} = {AEAA5C80-6B52-4EF2-A37E-14F0DCB76C61}
		{E65E9990-D393-48E1-ADA7-9051ED2F9F37} = {AEAA5C80-6B52-4EF2-A37E-14F0DCB76C61}
	EndGlobalSection
	GlobalSection(ProjectConfigurationPlatforms) = postSolution
		{BA0C27EB-0728-422B-8979-73DAF11568B2}.Debug|Any CPU.ActiveCfg = Debug|Any CPU
		{BA0C27EB-0728-422B-8979-73DAF11568B2}.Debug|Any CPU.Build.0 = Debug|Any CPU
		{BA0C27EB-0728-422B-8979-73DAF11568B2}.Release|Any CPU.ActiveCfg = Release|Any CPU
		{BA0C27EB-0728-422B-8979-73DAF11568B2}.Release|Any CPU.Build.0 = Release|Any CPU
		{4DFCCFFA-B0EE-4AF9-8C64-322B5484D119}.Debug|Any CPU.ActiveCfg = Debug|Any CPU
		{4DFCCFFA-B0EE-4AF9-8C64-322B5484D119}.Debug|Any CPU.Build.0 = Debug|Any CPU
		{4DFCCFFA-B0EE-4AF9-8C64-322B5484D119}.Release|Any CPU.ActiveCfg = Release|Any CPU
		{4DFCCFFA-B0EE-4AF9-8C64-322B5484D119}.Release|Any CPU.Build.0 = Release|Any CPU
		{E09A98AD-4B24-4824-A32B-615E0DADA0E0}.Debug|Any CPU.ActiveCfg = Debug|Any CPU
		{E09A98AD-4B24-4824-A32B-615E0DADA0E0}.Debug|Any CPU.Build.0 = Debug|Any CPU
		{E09A98AD-4B24-4824-A32B-615E0DADA0E0}.Release|Any CPU.ActiveCfg = Release|Any CPU
		{E09A98AD-4B24-4824-A32B-615E0DADA0E0}.Release|Any CPU.Build.0 = Release|Any CPU
		{E594B65E-8FBB-44DA-85B6-40BF54CE10AE}.Debug|Any CPU.ActiveCfg = Debug|Any CPU
		{E594B65E-8FBB-44DA-85B6-40BF54CE10AE}.Debug|Any CPU.Build.0 = Debug|Any CPU
		{E594B65E-8FBB-44DA-85B6-40BF54CE10AE}.Release|Any CPU.ActiveCfg = Release|Any CPU
		{E594B65E-8FBB-44DA-85B6-40BF54CE10AE}.Release|Any CPU.Build.0 = Release|Any CPU
		{E65E9990-D393-48E1-ADA7-9051ED2F9F37}.Debug|Any CPU.ActiveCfg = Debug|Any CPU
		{E65E9990-D393-48E1-ADA7-9051ED2F9F37}.Debug|Any CPU.Build.0 = Debug|Any CPU
		{E65E9990-D393-48E1-ADA7-9051ED2F9F37}.Release|Any CPU.ActiveCfg = Release|Any CPU
		{E65E9990-D393-48E1-ADA7-9051ED2F9F37}.Release|Any CPU.Build.0 = Release|Any CPU
	EndGlobalSection
EndGlobal
